
Microsoft Visual Studio Solution File, Format Version 12.00
# Visual Studio 15
VisualStudioVersion = 15.0.27428.2037
MinimumVisualStudioVersion = 10.0.40219.1
Project("{FAE04EC0-301F-11D3-BF4B-00C04F79EFBC}") = "Exercies(Remind)", "Exercies(Remind)\Exercies(Remind).csproj", "{E27B36DB-7B3E-42B0-810F-1E331CC548DA}"
EndProject
Global
	GlobalSection(SolutionConfigurationPlatforms) = preSolution
		Debug|Any CPU = Debug|Any CPU
		Release|Any CPU = Release|Any CPU
	EndGlobalSection
	GlobalSection(ProjectConfigurationPlatforms) = postSolution
		{E27B36DB-7B3E-42B0-810F-1E331CC548DA}.Debug|Any CPU.ActiveCfg = Debug|Any CPU
		{E27B36DB-7B3E-42B0-810F-1E331CC548DA}.Debug|Any CPU.Build.0 = Debug|Any CPU
		{E27B36DB-7B3E-42B0-810F-1E331CC548DA}.Release|Any CPU.ActiveCfg = Release|Any CPU
		{E27B36DB-7B3E-42B0-810F-1E331CC548DA}.Release|Any CPU.Build.0 = Release|Any CPU
	EndGlobalSection
	GlobalSection(SolutionProperties) = preSolution
		HideSolutionNode = FALSE
	EndGlobalSection
	GlobalSection(ExtensibilityGlobals) = postSolution
		SolutionGuid = {6964FB96-BB30-42D4-B2EC-7148C822A4B5}
	EndGlobalSection
EndGlobal
